
Microsoft Visual Studio Solution File, Format Version 12.00
# Visual Studio Version 17
VisualStudioVersion = 17.4.33213.308
MinimumVisualStudioVersion = 10.0.40219.1
Project("{9A19103F-16F7-4668-BE54-9A1E7A4F7556}") = "Domain", "Domain\Domain.csproj", "{A5519A94-5E4F-4271-94C8-438506685C93}"
EndProject
Project("{9A19103F-16F7-4668-BE54-9A1E7A4F7556}") = "Infrastructure", "Infrastructure\Infrastructure.csproj", "{FE1CEE09-92C4-4BC7-B397-5919DAB410C3}"
EndProject
Project("{9A19103F-16F7-4668-BE54-9A1E7A4F7556}") = "WebApi", "WebApi\WebApi.csproj", "{F1E50C04-41F9-48D2-9CFE-14954350C1EB}"
EndProject
Global
	GlobalSection(SolutionConfigurationPlatforms) = preSolution
		Debug|Any CPU = Debug|Any CPU
		Release|Any CPU = Release|Any CPU
	EndGlobalSection
	GlobalSection(ProjectConfigurationPlatforms) = postSolution
		{A5519A94-5E4F-4271-94C8-438506685C93}.Debug|Any CPU.ActiveCfg = Debug|Any CPU
		{A5519A94-5E4F-4271-94C8-438506685C93}.Debug|Any CPU.Build.0 = Debug|Any CPU
		{A5519A94-5E4F-4271-94C8-438506685C93}.Release|Any CPU.ActiveCfg = Release|Any CPU
		{A5519A94-5E4F-4271-94C8-438506685C93}.Release|Any CPU.Build.0 = Release|Any CPU
		{FE1CEE09-92C4-4BC7-B397-5919DAB410C3}.Debug|Any CPU.ActiveCfg = Debug|Any CPU
		{FE1CEE09-92C4-4BC7-B397-5919DAB410C3}.Debug|Any CPU.Build.0 = Debug|Any CPU
		{FE1CEE09-92C4-4BC7-B397-5919DAB410C3}.Release|Any CPU.ActiveCfg = Release|Any CPU
		{FE1CEE09-92C4-4BC7-B397-5919DAB410C3}.Release|Any CPU.Build.0 = Release|Any CPU
		{F1E50C04-41F9-48D2-9CFE-14954350C1EB}.Debug|Any CPU.ActiveCfg = Debug|Any CPU
		{F1E50C04-41F9-48D2-9CFE-14954350C1EB}.Debug|Any CPU.Build.0 = Debug|Any CPU
		{F1E50C04-41F9-48D2-9CFE-14954350C1EB}.Release|Any CPU.ActiveCfg = Release|Any CPU
		{F1E50C04-41F9-48D2-9CFE-14954350C1EB}.Release|Any CPU.Build.0 = Release|Any CPU
	EndGlobalSection
	GlobalSection(SolutionProperties) = preSolution
		HideSolutionNode = FALSE
	EndGlobalSection
	GlobalSection(ExtensibilityGlobals) = postSolution
		SolutionGuid = {770FEA75-B72D-4007-B279-FE27DC13D78C}
	EndGlobalSection
EndGlobal
